
Microsoft Visual Studio Solution File, Format Version 12.00
# Visual Studio Version 17
VisualStudioVersion = 17.5.002.0
MinimumVisualStudioVersion = 10.0.40219.1
Project("{9A19103F-16F7-4668-BE54-9A1E7A4F7556}") = "q2", "q2.csproj", "{EA11A3EF-A781-46AA-AAB4-5054FD1091B3}"
EndProject
Global
	GlobalSection(SolutionConfigurationPlatforms) = preSolution
		Debug|Any CPU = Debug|Any CPU
		Release|Any CPU = Release|Any CPU
	EndGlobalSection
	GlobalSection(ProjectConfigurationPlatforms) = postSolution
		{EA11A3EF-A781-46AA-AAB4-5054FD1091B3}.Debug|Any CPU.ActiveCfg = Debug|Any CPU
		{EA11A3EF-A781-46AA-AAB4-5054FD1091B3}.Debug|Any CPU.Build.0 = Debug|Any CPU
		{EA11A3EF-A781-46AA-AAB4-5054FD1091B3}.Release|Any CPU.ActiveCfg = Release|Any CPU
		{EA11A3EF-A781-46AA-AAB4-5054FD1091B3}.Release|Any CPU.Build.0 = Release|Any CPU
	EndGlobalSection
	GlobalSection(SolutionProperties) = preSolution
		HideSolutionNode = FALSE
	EndGlobalSection
	GlobalSection(ExtensibilityGlobals) = postSolution
		SolutionGuid = {319D92A2-6B9B-4E92-8F29-0438E75ED49B}
	EndGlobalSection
EndGlobal
